
Microsoft Visual Studio Solution File, Format Version 12.00
# Visual Studio Version 16
VisualStudioVersion = 16.0.28721.148
MinimumVisualStudioVersion = 10.0.40219.1
Project("{FAE04EC0-301F-11D3-BF4B-00C04F79EFBC}") = "DingWK.String.Util", "DingWK.String.Util\DingWK.String.Util.csproj", "{74CDFF27-8437-452B-BE5A-B0065081E085}"
EndProject
Project("{FAE04EC0-301F-11D3-BF4B-00C04F79EFBC}") = "dev", "dev\dev.csproj", "{62D9276B-AB7A-4B06-918B-556876D6D6F1}"
EndProject
Global
	GlobalSection(SolutionConfigurationPlatforms) = preSolution
		Debug|Any CPU = Debug|Any CPU
		Release|Any CPU = Release|Any CPU
	EndGlobalSection
	GlobalSection(ProjectConfigurationPlatforms) = postSolution
		{74CDFF27-8437-452B-BE5A-B0065081E085}.Debug|Any CPU.ActiveCfg = Debug|Any CPU
		{74CDFF27-8437-452B-BE5A-B0065081E085}.Debug|Any CPU.Build.0 = Debug|Any CPU
		{74CDFF27-8437-452B-BE5A-B0065081E085}.Release|Any CPU.ActiveCfg = Release|Any CPU
		{74CDFF27-8437-452B-BE5A-B0065081E085}.Release|Any CPU.Build.0 = Release|Any CPU
		{62D9276B-AB7A-4B06-918B-556876D6D6F1}.Debug|Any CPU.ActiveCfg = Debug|Any CPU
		{62D9276B-AB7A-4B06-918B-556876D6D6F1}.Debug|Any CPU.Build.0 = Debug|Any CPU
		{62D9276B-AB7A-4B06-918B-556876D6D6F1}.Release|Any CPU.ActiveCfg = Release|Any CPU
		{62D9276B-AB7A-4B06-918B-556876D6D6F1}.Release|Any CPU.Build.0 = Release|Any CPU
	EndGlobalSection
	GlobalSection(SolutionProperties) = preSolution
		HideSolutionNode = FALSE
	EndGlobalSection
	GlobalSection(ExtensibilityGlobals) = postSolution
		SolutionGuid = {482820AF-E51A-423B-9893-5AF9E5662E6C}
	EndGlobalSection
EndGlobal
